
Microsoft Visual Studio Solution File, Format Version 12.00
# Visual Studio Version 17
VisualStudioVersion = 17.14.36109.1 d17.14
MinimumVisualStudioVersion = 10.0.40219.1
Project("{FAE04EC0-301F-11D3-BF4B-00C04F79EFBC}") = "GeoMaster", "GeoMaster\GeoMaster.csproj", "{734C5F78-B20E-4962-BFD1-201F7FCD9F87}"
EndProject
Global
	GlobalSection(SolutionConfigurationPlatforms) = preSolution
		Debug|Any CPU = Debug|Any CPU
		Release|Any CPU = Release|Any CPU
	EndGlobalSection
	GlobalSection(ProjectConfigurationPlatforms) = postSolution
		{734C5F78-B20E-4962-BFD1-201F7FCD9F87}.Debug|Any CPU.ActiveCfg = Debug|Any CPU
		{734C5F78-B20E-4962-BFD1-201F7FCD9F87}.Debug|Any CPU.Build.0 = Debug|Any CPU
		{734C5F78-B20E-4962-BFD1-201F7FCD9F87}.Release|Any CPU.ActiveCfg = Release|Any CPU
		{734C5F78-B20E-4962-BFD1-201F7FCD9F87}.Release|Any CPU.Build.0 = Release|Any CPU
	EndGlobalSection
	GlobalSection(SolutionProperties) = preSolution
		HideSolutionNode = FALSE
	EndGlobalSection
	GlobalSection(ExtensibilityGlobals) = postSolution
		SolutionGuid = {C9C74B9A-4D7C-48EE-8CE4-369950C68F34}
	EndGlobalSection
EndGlobal
